// !$*UTF8*$!
{
	archiveVersion = 1;
	classes = {
	};
	objectVersion = 48;
	objects = {

/* Begin PBXBuildFile section */
		CC030B56200414EF0062C782 /* AppDelegate.swift in Sources */ = {isa = PBXBuildFile; fileRef = CC030B55200414EF0062C782 /* AppDelegate.swift */; };
		CC030B58200414EF0062C782 /* ViewController.swift in Sources */ = {isa = PBXBuildFile; fileRef = CC030B57200414EF0062C782 /* ViewController.swift */; };
		CC030B5B200414EF0062C782 /* Main.storyboard in Resources */ = {isa = PBXBuildFile; fileRef = CC030B59200414EF0062C782 /* Main.storyboard */; };
		CC030B5D200414EF0062C782 /* Assets.xcassets in Resources */ = {isa = PBXBuildFile; fileRef = CC030B5C200414EF0062C782 /* Assets.xcassets */; };
		CC030B60200414EF0062C782 /* LaunchScreen.storyboard in Resources */ = {isa = PBXBuildFile; fileRef = CC030B5E200414EF0062C782 /* LaunchScreen.storyboard */; };
		CC030B6B200414EF0062C782 /* Lope_NativeTests.swift in Sources */ = {isa = PBXBuildFile; fileRef = CC030B6A200414EF0062C782 /* Lope_NativeTests.swift */; };
/* End PBXBuildFile section */

/* Begin PBXContainerItemProxy section */
		CC030B67200414EF0062C782 /* PBXContainerItemProxy */ = {
			isa = PBXContainerItemProxy;
			containerPortal = CC030B4A200414EF0062C782 /* Project object */;
			proxyType = 1;
			remoteGlobalIDString = CC030B51200414EF0062C782;
			remoteInfo = "Lope-Native";
		};
/* End PBXContainerItemProxy section */

/* Begin PBXFileReference section */
		CC030B52200414EF0062C782 /* Lope-Native.app */ = {isa = PBXFileReference; explicitFileType = wrapper.application; includeInIndex = 0; path = "Lope-Native.app"; sourceTree = BUILT_PRODUCTS_DIR; };
		CC030B55200414EF0062C782 /* AppDelegate.swift */ = {isa = PBXFileReference; lastKnownFileType = sourcecode.swift; path = AppDelegate.swift; sourceTree = "<group>"; };
		CC030B57200414EF0062C782 /* ViewController.swift */ = {isa = PBXFileReference; lastKnownFileType = sourcecode.swift; path = ViewController.swift; sourceTree = "<group>"; };
		CC030B5A200414EF0062C782 /* Base */ = {isa = PBXFileReference; lastKnownFileType = file.storyboard; name = Base; path = Base.lproj/Main.storyboard; sourceTree = "<group>"; };
		CC030B5C200414EF0062C782 /* Assets.xcassets */ = {isa = PBXFileReference; lastKnownFileType = folder.assetcatalog; path = Assets.xcassets; sourceTree = "<group>"; };
		CC030B5F200414EF0062C782 /* Base */ = {isa = PBXFileReference; lastKnownFileType = file.storyboard; name = Base; path = Base.lproj/LaunchScreen.storyboard; sourceTree = "<group>"; };
		CC030B61200414EF0062C782 /* Info.plist */ = {isa = PBXFileReference; lastKnownFileType = text.plist.xml; path = Info.plist; sourceTree = "<group>"; };
		CC030B66200414EF0062C782 /* Lope-NativeTests.xctest */ = {isa = PBXFileReference; explicitFileType = wrapper.cfbundle; includeInIndex = 0; path = "Lope-NativeTests.xctest"; sourceTree = BUILT_PRODUCTS_DIR; };
		CC030B6A200414EF0062C782 /* Lope_NativeTests.swift */ = {isa = PBXFileReference; lastKnownFileType = sourcecode.swift; path = Lope_NativeTests.swift; sourceTree = "<group>"; };
		CC030B6C200414EF0062C782 /* Info.plist */ = {isa = PBXFileReference; lastKnownFileType = text.plist.xml; path = Info.plist; sourceTree = "<group>"; };
/* End PBXFileReference section */

/* Begin PBXFrameworksBuildPhase section */
		CC030B4F200414EF0062C782 /* Frameworks */ = {
			isa = PBXFrameworksBuildPhase;
			buildActionMask = 2147483647;
			files = (
			);
			runOnlyForDeploymentPostprocessing = 0;
		};
		CC030B63200414EF0062C782 /* Frameworks */ = {
			isa = PBXFrameworksBuildPhase;
			buildActionMask = 2147483647;
			files = (
			);
			runOnlyForDeploymentPostprocessing = 0;
		};
/* End PBXFrameworksBuildPhase section */

/* Begin PBXGroup section */
		CC030B49200414EF0062C782 = {
			isa = PBXGroup;
			children = (
				CC030B54200414EF0062C782 /* Lope-Native */,
				CC030B69200414EF0062C782 /* Lope-NativeTests */,
				CC030B53200414EF0062C782 /* Products */,
			);
			sourceTree = "<group>";
		};
		CC030B53200414EF0062C782 /* Products */ = {
			isa = PBXGroup;
			children = (
				CC030B52200414EF0062C782 /* Lope-Native.app */,
				CC030B66200414EF0062C782 /* Lope-NativeTests.xctest */,
			);
			name = Products;
			sourceTree = "<group>";
		};
		CC030B54200414EF0062C782 /* Lope-Native */ = {
			isa = PBXGroup;
			children = (
				CC030B55200414EF0062C782 /* AppDelegate.swift */,
				CC030B57200414EF0062C782 /* ViewController.swift */,
				CC030B59200414EF0062C782 /* Main.storyboard */,
				CC030B5C200414EF0062C782 /* Assets.xcassets */,
				CC030B5E200414EF0062C782 /* LaunchScreen.storyboard */,
				CC030B61200414EF0062C782 /* Info.plist */,
			);
			path = "Lope-Native";
			sourceTree = "<group>";
		};
		CC030B69200414EF0062C782 /* Lope-NativeTests */ = {
			isa = PBXGroup;
			children = (
				CC030B6A200414EF0062C782 /* Lope_NativeTests.swift */,
				CC030B6C200414EF0062C782 /* Info.plist */,
			);
			path = "Lope-NativeTests";
			sourceTree = "<group>";
		};
/* End PBXGroup section */

/* Begin PBXNativeTarget section */
		CC030B51200414EF0062C782 /* Lope-Native */ = {
			isa = PBXNativeTarget;
			buildConfigurationList = CC030B6F200414EF0062C782 /* Build configuration list for PBXNativeTarget "Lope-Native" */;
			buildPhases = (
				CC030B4E200414EF0062C782 /* Sources */,
				CC030B4F200414EF0062C782 /* Frameworks */,
				CC030B50200414EF0062C782 /* Resources */,
			);
			buildRules = (
			);
			dependencies = (
			);
			name = "Lope-Native";
			productName = "Lope-Native";
			productReference = CC030B52200414EF0062C782 /* Lope-Native.app */;
			productType = "com.apple.product-type.application";
		};
		CC030B65200414EF0062C782 /* Lope-NativeTests */ = {
			isa = PBXNativeTarget;
			buildConfigurationList = CC030B72200414EF0062C782 /* Build configuration list for PBXNativeTarget "Lope-NativeTests" */;
			buildPhases = (
				CC030B62200414EF0062C782 /* Sources */,
				CC030B63200414EF0062C782 /* Frameworks */,
				CC030B64200414EF0062C782 /* Resources */,
			);
			buildRules = (
			);
			dependencies = (
				CC030B68200414EF0062C782 /* PBXTargetDependency */,
			);
			name = "Lope-NativeTests";
			productName = "Lope-NativeTests";
			productReference = CC030B66200414EF0062C782 /* Lope-NativeTests.xctest */;
			productType = "com.apple.product-type.bundle.unit-test";
		};
/* End PBXNativeTarget section */

/* Begin PBXProject section */
		CC030B4A200414EF0062C782 /* Project object */ = {
			isa = PBXProject;
			attributes = {
				LastSwiftUpdateCheck = 0920;
				LastUpgradeCheck = 0920;
				ORGANIZATIONNAME = "kelsey laver";
				TargetAttributes = {
					CC030B51200414EF0062C782 = {
						CreatedOnToolsVersion = 9.2;
						ProvisioningStyle = Automatic;
					};
					CC030B65200414EF0062C782 = {
						CreatedOnToolsVersion = 9.2;
						ProvisioningStyle = Automatic;
						TestTargetID = CC030B51200414EF0062C782;
					};
				};
			};
			buildConfigurationList = CC030B4D200414EF0062C782 /* Build configuration list for PBXProject "Lope-Native" */;
			compatibilityVersion = "Xcode 8.0";
			developmentRegion = en;
			hasScannedForEncodings = 0;
			knownRegions = (
				en,
				Base,
			);
			mainGroup = CC030B49200414EF0062C782;
			productRefGroup = CC030B53200414EF0062C782 /* Products */;
			projectDirPath = "";
			projectRoot = "";
			targets = (
				CC030B51200414EF0062C782 /* Lope-Native */,
				CC030B65200414EF0062C782 /* Lope-NativeTests */,
			);
		};
/* End PBXProject section */

/* Begin PBXResourcesBuildPhase section */
		CC030B50200414EF0062C782 /* Resources */ = {
			isa = PBXResourcesBuildPhase;
			buildActionMask = 2147483647;
			files = (
				CC030B60200414EF0062C782 /* LaunchScreen.storyboard in Resources */,
				CC030B5D200414EF0062C782 /* Assets.xcassets in Resources */,
				CC030B5B200414EF0062C782 /* Main.storyboard in Resources */,
			);
			runOnlyForDeploymentPostprocessing = 0;
		};
		CC030B64200414EF0062C782 /* Resources */ = {
			isa = PBXResourcesBuildPhase;
			buildActionMask = 2147483647;
			files = (
			);
			runOnlyForDeploymentPostprocessing = 0;
		};
/* End PBXResourcesBuildPhase section */

/* Begin PBXSourcesBuildPhase section */
		CC030B4E200414EF0062C782 /* Sources */ = {
			isa = PBXSourcesBuildPhase;
			buildActionMask = 2147483647;
			files = (
				CC030B58200414EF0062C782 /* ViewController.swift in Sources */,
				CC030B56200414EF0062C782 /* AppDelegate.swift in Sources */,
			);
			runOnlyForDeploymentPostprocessing = 0;
		};
		CC030B62200414EF0062C782 /* Sources */ = {
			isa = PBXSourcesBuildPhase;
			buildActionMask = 2147483647;
			files = (
				CC030B6B200414EF0062C782 /* Lope_NativeTests.swift in Sources */,
			);
			runOnlyForDeploymentPostprocessing = 0;
		};
/* End PBXSourcesBuildPhase section */

/* Begin PBXTargetDependency section */
		CC030B68200414EF0062C782 /* PBXTargetDependency */ = {
			isa = PBXTargetDependency;
			target = CC030B51200414EF0062C782 /* Lope-Native */;
			targetProxy = CC030B67200414EF0062C782 /* PBXContainerItemProxy */;
		};
/* End PBXTargetDependency section */

/* Begin PBXVariantGroup section */
		CC030B59200414EF0062C782 /* Main.storyboard */ = {
			isa = PBXVariantGroup;
			children = (
				CC030B5A200414EF0062C782 /* Base */,
			);
			name = Main.storyboard;
			sourceTree = "<group>";
		};
		CC030B5E200414EF0062C782 /* LaunchScreen.storyboard */ = {
			isa = PBXVariantGroup;
			children = (
				CC030B5F200414EF0062C782 /* Base */,
			);
			name = LaunchScreen.storyboard;
			sourceTree = "<group>";
		};
/* End PBXVariantGroup section */

/* Begin XCBuildConfiguration section */
		CC030B6D200414EF0062C782 /* Debug */ = {
			isa = XCBuildConfiguration;
			buildSettings = {
				ALWAYS_SEARCH_USER_PATHS = NO;
				CLANG_ANALYZER_NONNULL = YES;
				CLANG_ANALYZER_NUMBER_OBJECT_CONVERSION = YES_AGGRESSIVE;
				CLANG_CXX_LANGUAGE_STANDARD = "gnu++14";
				CLANG_CXX_LIBRARY = "libc++";
				CLANG_ENABLE_MODULES = YES;
				CLANG_ENABLE_OBJC_ARC = YES;
				CLANG_WARN_BLOCK_CAPTURE_AUTORELEASING = YES;
				CLANG_WARN_BOOL_CONVERSION = YES;
				CLANG_WARN_COMMA = YES;
				CLANG_WARN_CONSTANT_CONVERSION = YES;
				CLANG_WARN_DIRECT_OBJC_ISA_USAGE = YES_ERROR;
				CLANG_WARN_DOCUMENTATION_COMMENTS = YES;
				CLANG_WARN_EMPTY_BODY = YES;
				CLANG_WARN_ENUM_CONVERSION = YES;
				CLANG_WARN_INFINITE_RECURSION = YES;
				CLANG_WARN_INT_CONVERSION = YES;
				CLANG_WARN_NON_LITERAL_NULL_CONVERSION = YES;
				CLANG_WARN_OBJC_LITERAL_CONVERSION = YES;
				CLANG_WARN_OBJC_ROOT_CLASS = YES_ERROR;
				CLANG_WARN_RANGE_LOOP_ANALYSIS = YES;
				CLANG_WARN_STRICT_PROTOTYPES = YES;
				CLANG_WARN_SUSPICIOUS_MOVE = YES;
				CLANG_WARN_UNGUARDED_AVAILABILITY = YES_AGGRESSIVE;
				CLANG_WARN_UNREACHABLE_CODE = YES;
				CLANG_WARN__DUPLICATE_METHOD_MATCH = YES;
				CODE_SIGN_IDENTITY = "iPhone Developer";
				COPY_PHASE_STRIP = NO;
				DEBUG_INFORMATION_FORMAT = dwarf;
				ENABLE_STRICT_OBJC_MSGSEND = YES;
				ENABLE_TESTABILITY = YES;
				GCC_C_LANGUAGE_STANDARD = gnu11;
				GCC_DYNAMIC_NO_PIC = NO;
				GCC_NO_COMMON_BLOCKS = YES;
				GCC_OPTIMIZATION_LEVEL = 0;
				GCC_PREPROCESSOR_DEFINITIONS = (
					"DEBUG=1",
					"$(inherited)",
				);
				GCC_WARN_64_TO_32_BIT_CONVERSION = YES;
				GCC_WARN_ABOUT_RETURN_TYPE = YES_ERROR;
				GCC_WARN_UNDECLARED_SELECTOR = YES;
				GCC_WARN_UNINITIALIZED_AUTOS = YES_AGGRESSIVE;
				GCC_WARN_UNUSED_FUNCTION = YES;
				GCC_WARN_UNUSED_VARIABLE = YES;
				IPHONEOS_DEPLOYMENT_TARGET = 11.2;
				MTL_ENABLE_DEBUG_INFO = YES;
				ONLY_ACTIVE_ARCH = YES;
				SDKROOT = iphoneos;
				SWIFT_ACTIVE_COMPILATION_CONDITIONS = DEBUG;
				SWIFT_OPTIMIZATION_LEVEL = "-Onone";
			};
			name = Debug;
		};
		CC030B6E200414EF0062C782 /* Release */ = {
			isa = XCBuildConfiguration;
			buildSettings = {
				ALWAYS_SEARCH_USER_PATHS = NO;
				CLANG_ANALYZER_NONNULL = YES;
				CLANG_ANALYZER_NUMBER_OBJECT_CONVERSION = YES_AGGRESSIVE;
				CLANG_CXX_LANGUAGE_STANDARD = "gnu++14";
				CLANG_CXX_LIBRARY = "libc++";
				CLANG_ENABLE_MODULES = YES;
				CLANG_ENABLE_OBJC_ARC = YES;
				CLANG_WARN_BLOCK_CAPTURE_AUTORELEASING = YES;
				CLANG_WARN_BOOL_CONVERSION = YES;
				CLANG_WARN_COMMA = YES;
				CLANG_WARN_CONSTANT_CONVERSION = YES;
				CLANG_WARN_DIRECT_OBJC_ISA_USAGE = YES_ERROR;
				CLANG_WARN_DOCUMENTATION_COMMENTS = YES;
				CLANG_WARN_EMPTY_BODY = YES;
				CLANG_WARN_ENUM_CONVERSION = YES;
				CLANG_WARN_INFINITE_RECURSION = YES;
				CLANG_WARN_INT_CONVERSION = YES;
				CLANG_WARN_NON_LITERAL_NULL_CONVERSION = YES;
				CLANG_WARN_OBJC_LITERAL_CONVERSION = YES;
				CLANG_WARN_OBJC_ROOT_CLASS = YES_ERROR;
				CLANG_WARN_RANGE_LOOP_ANALYSIS = YES;
				CLANG_WARN_STRICT_PROTOTYPES = YES;
				CLANG_WARN_SUSPICIOUS_MOVE = YES;
				CLANG_WARN_UNGUARDED_AVAILABILITY = YES_AGGRESSIVE;
				CLANG_WARN_UNREACHABLE_CODE = YES;
				CLANG_WARN__DUPLICATE_METHOD_MATCH = YES;
				CODE_SIGN_IDENTITY = "iPhone Developer";
				COPY_PHASE_STRIP = NO;
				DEBUG_INFORMATION_FORMAT = "dwarf-with-dsym";
				ENABLE_NS_ASSERTIONS = NO;
				ENABLE_STRICT_OBJC_MSGSEND = YES;
				GCC_C_LANGUAGE_STANDARD = gnu11;
				GCC_NO_COMMON_BLOCKS = YES;
				GCC_WARN_64_TO_32_BIT_CONVERSION = YES;
				GCC_WARN_ABOUT_RETURN_TYPE = YES_ERROR;
				GCC_WARN_UNDECLARED_SELECTOR = YES;
				GCC_WARN_UNINITIALIZED_AUTOS = YES_AGGRESSIVE;
				GCC_WARN_UNUSED_FUNCTION = YES;
				GCC_WARN_UNUSED_VARIABLE = YES;
				IPHONEOS_DEPLOYMENT_TARGET = 11.2;
				MTL_ENABLE_DEBUG_INFO = NO;
				SDKROOT = iphoneos;
				SWIFT_OPTIMIZATION_LEVEL = "-Owholemodule";
				VALIDATE_PRODUCT = YES;
			};
			name = Release;
		};
		CC030B70200414EF0062C782 /* Debug */ = {
			isa = XCBuildConfiguration;
			buildSettings = {
				ASSETCATALOG_COMPILER_APPICON_NAME = AppIcon;
				CODE_SIGN_STYLE = Automatic;
				INFOPLIST_FILE = "Lope-Native/Info.plist";
				LD_RUNPATH_SEARCH_PATHS = "$(inherited) @executable_path/Frameworks";
				PRODUCT_BUNDLE_IDENTIFIER = "com.example.Lope-Native";
				PRODUCT_NAME = "$(TARGET_NAME)";
				SWIFT_VERSION = 4.0;
				TARGETED_DEVICE_FAMILY = "1,2";
			};
			name = Debug;
		};
		CC030B71200414EF0062C782 /* Release */ = {
			isa = XCBuildConfiguration;
			buildSettings = {
				ASSETCATALOG_COMPILER_APPICON_NAME = AppIcon;
				CODE_SIGN_STYLE = Automatic;
				INFOPLIST_FILE = "Lope-Native/Info.plist";
				LD_RUNPATH_SEARCH_PATHS = "$(inherited) @executable_path/Frameworks";
				PRODUCT_BUNDLE_IDENTIFIER = "com.example.Lope-Native";
				PRODUCT_NAME = "$(TARGET_NAME)";
				SWIFT_VERSION = 4.0;
				TARGETED_DEVICE_FAMILY = "1,2";
			};
			name = Release;
		};
		CC030B73200414EF0062C782 /* Debug */ = {
			isa = XCBuildConfiguration;
			buildSettings = {
				ALWAYS_EMBED_SWIFT_STANDARD_LIBRARIES = YES;
				BUNDLE_LOADER = "$(TEST_HOST)";
				CODE_SIGN_STYLE = Automatic;
				INFOPLIST_FILE = "Lope-NativeTests/Info.plist";
				LD_RUNPATH_SEARCH_PATHS = "$(inherited) @executable_path/Frameworks @loader_path/Frameworks";
				PRODUCT_BUNDLE_IDENTIFIER = "com.example.Lope-NativeTests";
				PRODUCT_NAME = "$(TARGET_NAME)";
				SWIFT_VERSION = 4.0;
				TARGETED_DEVICE_FAMILY = "1,2";
				TEST_HOST = "$(BUILT_PRODUCTS_DIR)/Lope-Native.app/Lope-Native";
			};
			name = Debug;
		};
		CC030B74200414EF0062C782 /* Release */ = {
			isa = XCBuildConfiguration;
			buildSettings = {
				ALWAYS_EMBED_SWIFT_STANDARD_LIBRARIES = YES;
				BUNDLE_LOADER = "$(TEST_HOST)";
				CODE_SIGN_STYLE = Automatic;
				INFOPLIST_FILE = "Lope-NativeTests/Info.plist";
				LD_RUNPATH_SEARCH_PATHS = "$(inherited) @executable_path/Frameworks @loader_path/Frameworks";
				PRODUCT_BUNDLE_IDENTIFIER = "com.example.Lope-NativeTests";
				PRODUCT_NAME = "$(TARGET_NAME)";
				SWIFT_VERSION = 4.0;
				TARGETED_DEVICE_FAMILY = "1,2";
				TEST_HOST = "$(BUILT_PRODUCTS_DIR)/Lope-Native.app/Lope-Native";
			};
			name = Release;
		};
/* End XCBuildConfiguration section */

/* Begin XCConfigurationList section */
		CC030B4D200414EF0062C782 /* Build configuration list for PBXProject "Lope-Native" */ = {
			isa = XCConfigurationList;
			buildConfigurations = (
				CC030B6D200414EF0062C782 /* Debug */,
				CC030B6E200414EF0062C782 /* Release */,
			);
			defaultConfigurationIsVisible = 0;
			defaultConfigurationName = Release;
		};
		CC030B6F200414EF0062C782 /* Build configuration list for PBXNativeTarget "Lope-Native" */ = {
			isa = XCConfigurationList;
			buildConfigurations = (
				CC030B70200414EF0062C782 /* Debug */,
				CC030B71200414EF0062C782 /* Release */,
			);
			defaultConfigurationIsVisible = 0;
			defaultConfigurationName = Release;
		};
		CC030B72200414EF0062C782 /* Build configuration list for PBXNativeTarget "Lope-NativeTests" */ = {
			isa = XCConfigurationList;
			buildConfigurations = (
				CC030B73200414EF0062C782 /* Debug */,
				CC030B74200414EF0062C782 /* Release */,
			);
			defaultConfigurationIsVisible = 0;
			defaultConfigurationName = Release;
		};
/* End XCConfigurationList section */
	};
	rootObject = CC030B4A200414EF0062C782 /* Project object */;
}
